{
  "name": "pi-calculator",
  "version": "1.0.0",
  "lockfileVersion": 3,
  "requires": true,
  "packages": {
    "": {
      "name": "pi-calculator",
      "version": "1.0.0",
      "dependencies": {
        "decimal.js": "10.6.0",
        "expr-eval-fork": "3.0.3"
      },
      "peerDependencies": {
        "@earendil-works/pi-ai": "*",
        "@earendil-works/pi-coding-agent": "*"
      },
      "peerDependenciesMeta": {
        "@earendil-works/pi-ai": {
          "optional": true
        },
        "@earendil-works/pi-coding-agent": {
          "optional": true
        }
      }
    },
    "node_modules/decimal.js": {
      "version": "10.6.0",
      "resolved": "https://registry.npmjs.org/decimal.js/-/decimal.js-10.6.0.tgz",
      "integrity": "sha512-YpgQiITW3JXGntzdUmyUR1V812Hn8T1YVXhCu+wO3OpS4eU9l4YdD3qjyiKdV6mvV29zapkMeD390UVEf2lkUg==",
      "license": "MIT"
    },
    "node_modules/expr-eval-fork": {
      "version": "3.0.3",
      "resolved": "https://registry.npmjs.org/expr-eval-fork/-/expr-eval-fork-3.0.3.tgz",
      "integrity": "sha512-BhC+hbc5lIVjygr840n5DEkW3MQq7H9o+mc1/N7Z5uIiCFVyESLL5DIE7LNq4CYUNxy+XjA+3jRrL/h0Kt2xcg==",
      "license": "MIT",
      "engines": {
        "node": ">=16.9.0"
      }
    }
  }
}
